// !$*UTF8*$!
{
	archiveVersion = 1;
	classes = {
	};
	objectVersion = 46;
	objects = {

/* Begin PBXBuildFile section */
		0A4084E61E3335B800B2412D /* oroshi.mp3 in Resources */ = {isa = PBXBuildFile; fileRef = 0A4084E51E3335B800B2412D /* oroshi.mp3 */; };
		0A4084EA1E333B5C00B2412D /* CoreMedia.framework in Frameworks */ = {isa = PBXBuildFile; fileRef = 0A4084E91E333B5C00B2412D /* CoreMedia.framework */; };
		0A4084EC1E333B6300B2412D /* Accelerate.framework in Frameworks */ = {isa = PBXBuildFile; fileRef = 0A4084EB1E333B6300B2412D /* Accelerate.framework */; };
		0A4084EE1E333B6C00B2412D /* AudioToolbox.framework in Frameworks */ = {isa = PBXBuildFile; fileRef = 0A4084ED1E333B6C00B2412D /* AudioToolbox.framework */; };
		0A4084F01E333B7800B2412D /* CoreGraphics.framework in Frameworks */ = {isa = PBXBuildFile; fileRef = 0A4084EF1E333B7800B2412D /* CoreGraphics.framework */; };
		0A4084F21E333B8F00B2412D /* MediaPlayer.framework in Frameworks */ = {isa = PBXBuildFile; fileRef = 0A4084F11E333B8F00B2412D /* MediaPlayer.framework */; };
		0A4084F41E33C20C00B2412D /* GradientView.swift in Sources */ = {isa = PBXBuildFile; fileRef = 0A4084F31E33C20C00B2412D /* GradientView.swift */; };
		0A425E751E32FDBD00836261 /* AppDelegate.swift in Sources */ = {isa = PBXBuildFile; fileRef = 0A425E741E32FDBD00836261 /* AppDelegate.swift */; };
		0A425E771E32FDBD00836261 /* ViewController.swift in Sources */ = {isa = PBXBuildFile; fileRef = 0A425E761E32FDBD00836261 /* ViewController.swift */; };
		0A425E7A1E32FDBD00836261 /* Main.storyboard in Resources */ = {isa = PBXBuildFile; fileRef = 0A425E781E32FDBD00836261 /* Main.storyboard */; };
		0A425E7C1E32FDBD00836261 /* Assets.xcassets in Resources */ = {isa = PBXBuildFile; fileRef = 0A425E7B1E32FDBD00836261 /* Assets.xcassets */; };
		0A425E7F1E32FDBD00836261 /* LaunchScreen.storyboard in Resources */ = {isa = PBXBuildFile; fileRef = 0A425E7D1E32FDBD00836261 /* LaunchScreen.storyboard */; };
		0A425EBD1E3303FE00836261 /* libSuperpoweredAudioIOS.a in Frameworks */ = {isa = PBXBuildFile; fileRef = 0A425E931E3303FE00836261 /* libSuperpoweredAudioIOS.a */; };
		0A425EC01E3303FE00836261 /* SuperpoweredIOSAudioIO.mm in Sources */ = {isa = PBXBuildFile; fileRef = 0A425EA71E3303FE00836261 /* SuperpoweredIOSAudioIO.mm */; };
		0A425EC61E3306A600836261 /* CoreAudio.framework in Frameworks */ = {isa = PBXBuildFile; fileRef = 0A425EC51E3306A600836261 /* CoreAudio.framework */; };
		0A425EC81E3306AC00836261 /* AVFoundation.framework in Frameworks */ = {isa = PBXBuildFile; fileRef = 0A425EC71E3306AC00836261 /* AVFoundation.framework */; };
		0A425ECA1E3306B200836261 /* AVKit.framework in Frameworks */ = {isa = PBXBuildFile; fileRef = 0A425EC91E3306B200836261 /* AVKit.framework */; };
		0A425ECC1E3306BA00836261 /* CoreMotion.framework in Frameworks */ = {isa = PBXBuildFile; fileRef = 0A425ECB1E3306BA00836261 /* CoreMotion.framework */; };
		0A425ECF1E3331C700836261 /* Superpowered.mm in Sources */ = {isa = PBXBuildFile; fileRef = 0A425ECE1E3331C700836261 /* Superpowered.mm */; };
		60079C5D1E333FF700B79144 /* CoreMotionInterface.swift in Sources */ = {isa = PBXBuildFile; fileRef = 60079C5C1E333FF700B79144 /* CoreMotionInterface.swift */; };
		6062FE351E3442DE0013B1D4 /* CoreLocation.framework in Frameworks */ = {isa = PBXBuildFile; fileRef = 6062FE341E3442DE0013B1D4 /* CoreLocation.framework */; };
		6062FE371E3458FA0013B1D4 /* MapKit.framework in Frameworks */ = {isa = PBXBuildFile; fileRef = 6062FE361E3458FA0013B1D4 /* MapKit.framework */; };
/* End PBXBuildFile section */

/* Begin PBXFileReference section */
		0A4084E21E33331A00B2412D /* Superpowered.h */ = {isa = PBXFileReference; fileEncoding = 4; lastKnownFileType = sourcecode.c.h; path = Superpowered.h; sourceTree = "<group>"; };
		0A4084E31E33336100B2412D /* fftTest.h */ = {isa = PBXFileReference; fileEncoding = 4; lastKnownFileType = sourcecode.c.h; path = fftTest.h; sourceTree = "<group>"; };
		0A4084E41E3333F200B2412D /* SuperpoweredPerformance-Prefix.pch */ = {isa = PBXFileReference; fileEncoding = 4; lastKnownFileType = sourcecode.c.h; path = "SuperpoweredPerformance-Prefix.pch"; sourceTree = "<group>"; };
		0A4084E51E3335B800B2412D /* oroshi.mp3 */ = {isa = PBXFileReference; lastKnownFileType = audio.mp3; path = oroshi.mp3; sourceTree = "<group>"; };
		0A4084E81E33393400B2412D /* SuperpoweredFX.h */ = {isa = PBXFileReference; fileEncoding = 4; lastKnownFileType = sourcecode.c.h; path = SuperpoweredFX.h; sourceTree = "<group>"; };
		0A4084E91E333B5C00B2412D /* CoreMedia.framework */ = {isa = PBXFileReference; lastKnownFileType = wrapper.framework; name = CoreMedia.framework; path = System/Library/Frameworks/CoreMedia.framework; sourceTree = SDKROOT; };
		0A4084EB1E333B6300B2412D /* Accelerate.framework */ = {isa = PBXFileReference; lastKnownFileType = wrapper.framework; name = Accelerate.framework; path = System/Library/Frameworks/Accelerate.framework; sourceTree = SDKROOT; };
		0A4084ED1E333B6C00B2412D /* AudioToolbox.framework */ = {isa = PBXFileReference; lastKnownFileType = wrapper.framework; name = AudioToolbox.framework; path = System/Library/Frameworks/AudioToolbox.framework; sourceTree = SDKROOT; };
		0A4084EF1E333B7800B2412D /* CoreGraphics.framework */ = {isa = PBXFileReference; lastKnownFileType = wrapper.framework; name = CoreGraphics.framework; path = System/Library/Frameworks/CoreGraphics.framework; sourceTree = SDKROOT; };
		0A4084F11E333B8F00B2412D /* MediaPlayer.framework */ = {isa = PBXFileReference; lastKnownFileType = wrapper.framework; name = MediaPlayer.framework; path = System/Library/Frameworks/MediaPlayer.framework; sourceTree = SDKROOT; };
		0A4084F31E33C20C00B2412D /* GradientView.swift */ = {isa = PBXFileReference; fileEncoding = 4; lastKnownFileType = sourcecode.swift; path = GradientView.swift; sourceTree = "<group>"; };
		0A4084FC1E3412BA00B2412D /* SuperpoweredBandpassFilterbank.h */ = {isa = PBXFileReference; fileEncoding = 4; lastKnownFileType = sourcecode.c.h; path = SuperpoweredBandpassFilterbank.h; sourceTree = "<group>"; };
		0A425E711E32FDBC00836261 /* SonicVortex.app */ = {isa = PBXFileReference; explicitFileType = wrapper.application; includeInIndex = 0; path = SonicVortex.app; sourceTree = BUILT_PRODUCTS_DIR; };
		0A425E741E32FDBD00836261 /* AppDelegate.swift */ = {isa = PBXFileReference; lastKnownFileType = sourcecode.swift; path = AppDelegate.swift; sourceTree = "<group>"; };
		0A425E761E32FDBD00836261 /* ViewController.swift */ = {isa = PBXFileReference; lastKnownFileType = sourcecode.swift; path = ViewController.swift; sourceTree = "<group>"; };
		0A425E791E32FDBD00836261 /* Base */ = {isa = PBXFileReference; lastKnownFileType = file.storyboard; name = Base; path = Base.lproj/Main.storyboard; sourceTree = "<group>"; };
		0A425E7B1E32FDBD00836261 /* Assets.xcassets */ = {isa = PBXFileReference; lastKnownFileType = folder.assetcatalog; path = Assets.xcassets; sourceTree = "<group>"; };
		0A425E7E1E32FDBD00836261 /* Base */ = {isa = PBXFileReference; lastKnownFileType = file.storyboard; name = Base; path = Base.lproj/LaunchScreen.storyboard; sourceTree = "<group>"; };
		0A425E801E32FDBD00836261 /* Info.plist */ = {isa = PBXFileReference; lastKnownFileType = text.plist.xml; path = Info.plist; sourceTree = "<group>"; };
		0A425E931E3303FE00836261 /* libSuperpoweredAudioIOS.a */ = {isa = PBXFileReference; lastKnownFileType = archive.ar; path = libSuperpoweredAudioIOS.a; sourceTree = "<group>"; };
		0A425E971E3303FE00836261 /* SuperpoweredAdvancedAudioPlayer.h */ = {isa = PBXFileReference; fileEncoding = 4; lastKnownFileType = sourcecode.c.h; path = SuperpoweredAdvancedAudioPlayer.h; sourceTree = "<group>"; };
		0A425EA01E3303FE00836261 /* SuperpoweredFFT.h */ = {isa = PBXFileReference; fileEncoding = 4; lastKnownFileType = sourcecode.c.h; path = SuperpoweredFFT.h; sourceTree = "<group>"; };
		0A425EA61E3303FE00836261 /* SuperpoweredIOSAudioIO.h */ = {isa = PBXFileReference; fileEncoding = 4; lastKnownFileType = sourcecode.c.h; path = SuperpoweredIOSAudioIO.h; sourceTree = "<group>"; };
		0A425EA71E3303FE00836261 /* SuperpoweredIOSAudioIO.mm */ = {isa = PBXFileReference; fileEncoding = 4; lastKnownFileType = sourcecode.cpp.objcpp; path = SuperpoweredIOSAudioIO.mm; sourceTree = "<group>"; };
		0A425EB21E3303FE00836261 /* SuperpoweredSimple.h */ = {isa = PBXFileReference; fileEncoding = 4; lastKnownFileType = sourcecode.c.h; path = SuperpoweredSimple.h; sourceTree = "<group>"; };
		0A425EB41E3303FE00836261 /* SuperpoweredTimeStretching.h */ = {isa = PBXFileReference; fileEncoding = 4; lastKnownFileType = sourcecode.c.h; path = SuperpoweredTimeStretching.h; sourceTree = "<group>"; };
		0A425EC51E3306A600836261 /* CoreAudio.framework */ = {isa = PBXFileReference; lastKnownFileType = wrapper.framework; name = CoreAudio.framework; path = System/Library/Frameworks/CoreAudio.framework; sourceTree = SDKROOT; };
		0A425EC71E3306AC00836261 /* AVFoundation.framework */ = {isa = PBXFileReference; lastKnownFileType = wrapper.framework; name = AVFoundation.framework; path = System/Library/Frameworks/AVFoundation.framework; sourceTree = SDKROOT; };
		0A425EC91E3306B200836261 /* AVKit.framework */ = {isa = PBXFileReference; lastKnownFileType = wrapper.framework; name = AVKit.framework; path = System/Library/Frameworks/AVKit.framework; sourceTree = SDKROOT; };
		0A425ECB1E3306BA00836261 /* CoreMotion.framework */ = {isa = PBXFileReference; lastKnownFileType = wrapper.framework; name = CoreMotion.framework; path = System/Library/Frameworks/CoreMotion.framework; sourceTree = SDKROOT; };
		0A425ECD1E332A6500836261 /* SonicVortex-Swift.h */ = {isa = PBXFileReference; fileEncoding = 4; lastKnownFileType = sourcecode.c.h; path = "SonicVortex-Swift.h"; sourceTree = "<group>"; };
		0A425ECE1E3331C700836261 /* Superpowered.mm */ = {isa = PBXFileReference; fileEncoding = 4; lastKnownFileType = sourcecode.cpp.objcpp; path = Superpowered.mm; sourceTree = "<group>"; };
		60079C5C1E333FF700B79144 /* CoreMotionInterface.swift */ = {isa = PBXFileReference; fileEncoding = 4; lastKnownFileType = sourcecode.swift; path = CoreMotionInterface.swift; sourceTree = "<group>"; };
		6062FE341E3442DE0013B1D4 /* CoreLocation.framework */ = {isa = PBXFileReference; lastKnownFileType = wrapper.framework; name = CoreLocation.framework; path = System/Library/Frameworks/CoreLocation.framework; sourceTree = SDKROOT; };
		6062FE361E3458FA0013B1D4 /* MapKit.framework */ = {isa = PBXFileReference; lastKnownFileType = wrapper.framework; name = MapKit.framework; path = System/Library/Frameworks/MapKit.framework; sourceTree = SDKROOT; };
/* End PBXFileReference section */

/* Begin PBXFrameworksBuildPhase section */
		0A425E6E1E32FDBC00836261 /* Frameworks */ = {
			isa = PBXFrameworksBuildPhase;
			buildActionMask = 2147483647;
			files = (
				6062FE351E3442DE0013B1D4 /* CoreLocation.framework in Frameworks */,
				0A4084F21E333B8F00B2412D /* MediaPlayer.framework in Frameworks */,
				0A4084F01E333B7800B2412D /* CoreGraphics.framework in Frameworks */,
				0A4084EE1E333B6C00B2412D /* AudioToolbox.framework in Frameworks */,
				0A4084EC1E333B6300B2412D /* Accelerate.framework in Frameworks */,
				0A4084EA1E333B5C00B2412D /* CoreMedia.framework in Frameworks */,
				0A425EBD1E3303FE00836261 /* libSuperpoweredAudioIOS.a in Frameworks */,
				0A425ECC1E3306BA00836261 /* CoreMotion.framework in Frameworks */,
				0A425ECA1E3306B200836261 /* AVKit.framework in Frameworks */,
				0A425EC81E3306AC00836261 /* AVFoundation.framework in Frameworks */,
				6062FE371E3458FA0013B1D4 /* MapKit.framework in Frameworks */,
				0A425EC61E3306A600836261 /* CoreAudio.framework in Frameworks */,
			);
			runOnlyForDeploymentPostprocessing = 0;
		};
/* End PBXFrameworksBuildPhase section */

/* Begin PBXGroup section */
		0A425E681E32FDBC00836261 = {
			isa = PBXGroup;
			children = (
				0A425E731E32FDBC00836261 /* SonicVortex */,
				0A425E721E32FDBC00836261 /* Products */,
				0A425EC41E3306A600836261 /* Frameworks */,
			);
			sourceTree = "<group>";
		};
		0A425E721E32FDBC00836261 /* Products */ = {
			isa = PBXGroup;
			children = (
				0A425E711E32FDBC00836261 /* SonicVortex.app */,
			);
			name = Products;
			sourceTree = "<group>";
		};
		0A425E731E32FDBC00836261 /* SonicVortex */ = {
			isa = PBXGroup;
			children = (
				0A425E741E32FDBD00836261 /* AppDelegate.swift */,
				0A425E761E32FDBD00836261 /* ViewController.swift */,
				60079C5C1E333FF700B79144 /* CoreMotionInterface.swift */,
				0A425ECD1E332A6500836261 /* SonicVortex-Swift.h */,
				0A425E781E32FDBD00836261 /* Main.storyboard */,
				0A425E7B1E32FDBD00836261 /* Assets.xcassets */,
				0A425E7D1E32FDBD00836261 /* LaunchScreen.storyboard */,
				0A425E801E32FDBD00836261 /* Info.plist */,
				0A4084E21E33331A00B2412D /* Superpowered.h */,
				0A425ECE1E3331C700836261 /* Superpowered.mm */,
				0A4084E31E33336100B2412D /* fftTest.h */,
				0A4084E41E3333F200B2412D /* SuperpoweredPerformance-Prefix.pch */,
				0A4084E51E3335B800B2412D /* oroshi.mp3 */,
				0A425E8A1E3303FE00836261 /* Superpowered */,
				0A4084F31E33C20C00B2412D /* GradientView.swift */,
			);
			path = SonicVortex;
			sourceTree = "<group>";
		};
		0A425E8A1E3303FE00836261 /* Superpowered */ = {
			isa = PBXGroup;
			children = (
				0A4084FC1E3412BA00B2412D /* SuperpoweredBandpassFilterbank.h */,
				0A425E931E3303FE00836261 /* libSuperpoweredAudioIOS.a */,
				0A425E971E3303FE00836261 /* SuperpoweredAdvancedAudioPlayer.h */,
				0A4084E81E33393400B2412D /* SuperpoweredFX.h */,
				0A425EA01E3303FE00836261 /* SuperpoweredFFT.h */,
				0A425EA61E3303FE00836261 /* SuperpoweredIOSAudioIO.h */,
				0A425EA71E3303FE00836261 /* SuperpoweredIOSAudioIO.mm */,
				0A425EB21E3303FE00836261 /* SuperpoweredSimple.h */,
				0A425EB41E3303FE00836261 /* SuperpoweredTimeStretching.h */,
			);
			path = Superpowered;
			sourceTree = "<group>";
		};
		0A425EC41E3306A600836261 /* Frameworks */ = {
			isa = PBXGroup;
			children = (
				6062FE361E3458FA0013B1D4 /* MapKit.framework */,
				6062FE341E3442DE0013B1D4 /* CoreLocation.framework */,
				0A4084F11E333B8F00B2412D /* MediaPlayer.framework */,
				0A4084EF1E333B7800B2412D /* CoreGraphics.framework */,
				0A4084ED1E333B6C00B2412D /* AudioToolbox.framework */,
				0A4084EB1E333B6300B2412D /* Accelerate.framework */,
				0A4084E91E333B5C00B2412D /* CoreMedia.framework */,
				0A425ECB1E3306BA00836261 /* CoreMotion.framework */,
				0A425EC91E3306B200836261 /* AVKit.framework */,
				0A425EC71E3306AC00836261 /* AVFoundation.framework */,
				0A425EC51E3306A600836261 /* CoreAudio.framework */,
			);
			name = Frameworks;
			sourceTree = "<group>";
		};
/* End PBXGroup section */

/* Begin PBXNativeTarget section */
		0A425E701E32FDBC00836261 /* SonicVortex */ = {
			isa = PBXNativeTarget;
			buildConfigurationList = 0A425E831E32FDBD00836261 /* Build configuration list for PBXNativeTarget "SonicVortex" */;
			buildPhases = (
				0A425E6D1E32FDBC00836261 /* Sources */,
				0A425E6E1E32FDBC00836261 /* Frameworks */,
				0A425E6F1E32FDBC00836261 /* Resources */,
			);
			buildRules = (
			);
			dependencies = (
			);
			name = SonicVortex;
			productName = SonicVortex;
			productReference = 0A425E711E32FDBC00836261 /* SonicVortex.app */;
			productType = "com.apple.product-type.application";
		};
/* End PBXNativeTarget section */

/* Begin PBXProject section */
		0A425E691E32FDBC00836261 /* Project object */ = {
			isa = PBXProject;
			attributes = {
				LastSwiftUpdateCheck = 0820;
				LastUpgradeCheck = 0820;
				ORGANIZATIONNAME = "Sebastian Cain";
				TargetAttributes = {
					0A425E701E32FDBC00836261 = {
						CreatedOnToolsVersion = 8.2.1;
						DevelopmentTeam = HV4B5F752N;
						ProvisioningStyle = Automatic;
						SystemCapabilities = {
							com.apple.Maps.iOS = {
								enabled = 1;
							};
						};
					};
				};
			};
			buildConfigurationList = 0A425E6C1E32FDBC00836261 /* Build configuration list for PBXProject "SonicVortex" */;
			compatibilityVersion = "Xcode 3.2";
			developmentRegion = English;
			hasScannedForEncodings = 0;
			knownRegions = (
				en,
				Base,
			);
			mainGroup = 0A425E681E32FDBC00836261;
			productRefGroup = 0A425E721E32FDBC00836261 /* Products */;
			projectDirPath = "";
			projectRoot = "";
			targets = (
				0A425E701E32FDBC00836261 /* SonicVortex */,
			);
		};
/* End PBXProject section */

/* Begin PBXResourcesBuildPhase section */
		0A425E6F1E32FDBC00836261 /* Resources */ = {
			isa = PBXResourcesBuildPhase;
			buildActionMask = 2147483647;
			files = (
				0A425E7F1E32FDBD00836261 /* LaunchScreen.storyboard in Resources */,
				0A4084E61E3335B800B2412D /* oroshi.mp3 in Resources */,
				0A425E7C1E32FDBD00836261 /* Assets.xcassets in Resources */,
				0A425E7A1E32FDBD00836261 /* Main.storyboard in Resources */,
			);
			runOnlyForDeploymentPostprocessing = 0;
		};
/* End PBXResourcesBuildPhase section */

/* Begin PBXSourcesBuildPhase section */
		0A425E6D1E32FDBC00836261 /* Sources */ = {
			isa = PBXSourcesBuildPhase;
			buildActionMask = 2147483647;
			files = (
				0A425E771E32FDBD00836261 /* ViewController.swift in Sources */,
				0A425E751E32FDBD00836261 /* AppDelegate.swift in Sources */,
				0A4084F41E33C20C00B2412D /* GradientView.swift in Sources */,
				60079C5D1E333FF700B79144 /* CoreMotionInterface.swift in Sources */,
				0A425ECF1E3331C700836261 /* Superpowered.mm in Sources */,
				0A425EC01E3303FE00836261 /* SuperpoweredIOSAudioIO.mm in Sources */,
			);
			runOnlyForDeploymentPostprocessing = 0;
		};
/* End PBXSourcesBuildPhase section */

/* Begin PBXVariantGroup section */
		0A425E781E32FDBD00836261 /* Main.storyboard */ = {
			isa = PBXVariantGroup;
			children = (
				0A425E791E32FDBD00836261 /* Base */,
			);
			name = Main.storyboard;
			sourceTree = "<group>";
		};
		0A425E7D1E32FDBD00836261 /* LaunchScreen.storyboard */ = {
			isa = PBXVariantGroup;
			children = (
				0A425E7E1E32FDBD00836261 /* Base */,
			);
			name = LaunchScreen.storyboard;
			sourceTree = "<group>";
		};
/* End PBXVariantGroup section */

/* Begin XCBuildConfiguration section */
		0A425E811E32FDBD00836261 /* Debug */ = {
			isa = XCBuildConfiguration;
			buildSettings = {
				ALWAYS_SEARCH_USER_PATHS = NO;
				CLANG_ANALYZER_NONNULL = YES;
				CLANG_CXX_LANGUAGE_STANDARD = "gnu++0x";
				CLANG_CXX_LIBRARY = "libc++";
				CLANG_ENABLE_MODULES = YES;
				CLANG_ENABLE_OBJC_ARC = YES;
				CLANG_WARN_BOOL_CONVERSION = YES;
				CLANG_WARN_CONSTANT_CONVERSION = YES;
				CLANG_WARN_DIRECT_OBJC_ISA_USAGE = YES_ERROR;
				CLANG_WARN_DOCUMENTATION_COMMENTS = YES;
				CLANG_WARN_EMPTY_BODY = YES;
				CLANG_WARN_ENUM_CONVERSION = YES;
				CLANG_WARN_INFINITE_RECURSION = YES;
				CLANG_WARN_INT_CONVERSION = YES;
				CLANG_WARN_OBJC_ROOT_CLASS = YES_ERROR;
				CLANG_WARN_SUSPICIOUS_MOVE = YES;
				CLANG_WARN_UNREACHABLE_CODE = YES;
				CLANG_WARN__DUPLICATE_METHOD_MATCH = YES;
				"CODE_SIGN_IDENTITY[sdk=iphoneos*]" = "iPhone Developer";
				COPY_PHASE_STRIP = NO;
				DEBUG_INFORMATION_FORMAT = dwarf;
				ENABLE_STRICT_OBJC_MSGSEND = YES;
				ENABLE_TESTABILITY = YES;
				GCC_C_LANGUAGE_STANDARD = gnu99;
				GCC_DYNAMIC_NO_PIC = NO;
				GCC_NO_COMMON_BLOCKS = YES;
				GCC_OPTIMIZATION_LEVEL = 0;
				GCC_PREPROCESSOR_DEFINITIONS = (
					"DEBUG=1",
					"$(inherited)",
				);
				GCC_WARN_64_TO_32_BIT_CONVERSION = YES;
				GCC_WARN_ABOUT_RETURN_TYPE = YES_ERROR;
				GCC_WARN_UNDECLARED_SELECTOR = YES;
				GCC_WARN_UNINITIALIZED_AUTOS = YES_AGGRESSIVE;
				GCC_WARN_UNUSED_FUNCTION = YES;
				GCC_WARN_UNUSED_VARIABLE = YES;
				IPHONEOS_DEPLOYMENT_TARGET = 10.2;
				MTL_ENABLE_DEBUG_INFO = YES;
				ONLY_ACTIVE_ARCH = YES;
				SDKROOT = iphoneos;
				SWIFT_ACTIVE_COMPILATION_CONDITIONS = DEBUG;
				SWIFT_OPTIMIZATION_LEVEL = "-Onone";
				TARGETED_DEVICE_FAMILY = "1,2";
			};
			name = Debug;
		};
		0A425E821E32FDBD00836261 /* Release */ = {
			isa = XCBuildConfiguration;
			buildSettings = {
				ALWAYS_SEARCH_USER_PATHS = NO;
				CLANG_ANALYZER_NONNULL = YES;
				CLANG_CXX_LANGUAGE_STANDARD = "gnu++0x";
				CLANG_CXX_LIBRARY = "libc++";
				CLANG_ENABLE_MODULES = YES;
				CLANG_ENABLE_OBJC_ARC = YES;
				CLANG_WARN_BOOL_CONVERSION = YES;
				CLANG_WARN_CONSTANT_CONVERSION = YES;
				CLANG_WARN_DIRECT_OBJC_ISA_USAGE = YES_ERROR;
				CLANG_WARN_DOCUMENTATION_COMMENTS = YES;
				CLANG_WARN_EMPTY_BODY = YES;
				CLANG_WARN_ENUM_CONVERSION = YES;
				CLANG_WARN_INFINITE_RECURSION = YES;
				CLANG_WARN_INT_CONVERSION = YES;
				CLANG_WARN_OBJC_ROOT_CLASS = YES_ERROR;
				CLANG_WARN_SUSPICIOUS_MOVE = YES;
				CLANG_WARN_UNREACHABLE_CODE = YES;
				CLANG_WARN__DUPLICATE_METHOD_MATCH = YES;
				"CODE_SIGN_IDENTITY[sdk=iphoneos*]" = "iPhone Developer";
				COPY_PHASE_STRIP = NO;
				DEBUG_INFORMATION_FORMAT = "dwarf-with-dsym";
				ENABLE_NS_ASSERTIONS = NO;
				ENABLE_STRICT_OBJC_MSGSEND = YES;
				GCC_C_LANGUAGE_STANDARD = gnu99;
				GCC_NO_COMMON_BLOCKS = YES;
				GCC_WARN_64_TO_32_BIT_CONVERSION = YES;
				GCC_WARN_ABOUT_RETURN_TYPE = YES_ERROR;
				GCC_WARN_UNDECLARED_SELECTOR = YES;
				GCC_WARN_UNINITIALIZED_AUTOS = YES_AGGRESSIVE;
				GCC_WARN_UNUSED_FUNCTION = YES;
				GCC_WARN_UNUSED_VARIABLE = YES;
				IPHONEOS_DEPLOYMENT_TARGET = 10.2;
				MTL_ENABLE_DEBUG_INFO = NO;
				SDKROOT = iphoneos;
				SWIFT_OPTIMIZATION_LEVEL = "-Owholemodule";
				TARGETED_DEVICE_FAMILY = "1,2";
				VALIDATE_PRODUCT = YES;
			};
			name = Release;
		};
		0A425E841E32FDBD00836261 /* Debug */ = {
			isa = XCBuildConfiguration;
			buildSettings = {
				ASSETCATALOG_COMPILER_APPICON_NAME = AppIcon;
				DEVELOPMENT_TEAM = HV4B5F752N;
				INFOPLIST_FILE = SonicVortex/Info.plist;
				LD_RUNPATH_SEARCH_PATHS = "$(inherited) @executable_path/Frameworks";
				LIBRARY_SEARCH_PATHS = (
					"$(inherited)",
					"$(PROJECT_DIR)/SonicVortex/Superpowered",
				);
				PRODUCT_BUNDLE_IDENTIFIER = com.noahfichter.SonicVortex;
				PRODUCT_NAME = "$(TARGET_NAME)";
				SWIFT_INCLUDE_PATHS = SonicVortex;
				SWIFT_OBJC_BRIDGING_HEADER = "SonicVortex/SonicVortex-Swift.h";
				SWIFT_VERSION = 3.0;
			};
			name = Debug;
		};
		0A425E851E32FDBD00836261 /* Release */ = {
			isa = XCBuildConfiguration;
			buildSettings = {
				ASSETCATALOG_COMPILER_APPICON_NAME = AppIcon;
				DEVELOPMENT_TEAM = HV4B5F752N;
				INFOPLIST_FILE = SonicVortex/Info.plist;
				LD_RUNPATH_SEARCH_PATHS = "$(inherited) @executable_path/Frameworks";
				LIBRARY_SEARCH_PATHS = (
					"$(inherited)",
					"$(PROJECT_DIR)/SonicVortex/Superpowered",
				);
				PRODUCT_BUNDLE_IDENTIFIER = com.noahfichter.SonicVortex;
				PRODUCT_NAME = "$(TARGET_NAME)";
				SWIFT_INCLUDE_PATHS = SonicVortex;
				SWIFT_OBJC_BRIDGING_HEADER = "SonicVortex/SonicVortex-Swift.h";
				SWIFT_VERSION = 3.0;
			};
			name = Release;
		};
/* End XCBuildConfiguration section */

/* Begin XCConfigurationList section */
		0A425E6C1E32FDBC00836261 /* Build configuration list for PBXProject "SonicVortex" */ = {
			isa = XCConfigurationList;
			buildConfigurations = (
				0A425E811E32FDBD00836261 /* Debug */,
				0A425E821E32FDBD00836261 /* Release */,
			);
			defaultConfigurationIsVisible = 0;
			defaultConfigurationName = Release;
		};
		0A425E831E32FDBD00836261 /* Build configuration list for PBXNativeTarget "SonicVortex" */ = {
			isa = XCConfigurationList;
			buildConfigurations = (
				0A425E841E32FDBD00836261 /* Debug */,
				0A425E851E32FDBD00836261 /* Release */,
			);
			defaultConfigurationIsVisible = 0;
			defaultConfigurationName = Release;
		};
/* End XCConfigurationList section */
	};
	rootObject = 0A425E691E32FDBC00836261 /* Project object */;
}
